
Microsoft Visual Studio Solution File, Format Version 12.00
# Visual Studio Version 17
VisualStudioVersion = 17.3.32901.215
MinimumVisualStudioVersion = 10.0.40219.1
Project("{FAE04EC0-301F-11D3-BF4B-00C04F79EFBC}") = "ConsoleApp40", "ConsoleApp40.csproj", "{6F6C7198-F00A-431A-B0E2-453DB84D33DD}"
EndProject
Global
	GlobalSection(SolutionConfigurationPlatforms) = preSolution
		Debug|Any CPU = Debug|Any CPU
		Release|Any CPU = Release|Any CPU
	EndGlobalSection
	GlobalSection(ProjectConfigurationPlatforms) = postSolution
		{6F6C7198-F00A-431A-B0E2-453DB84D33DD}.Debug|Any CPU.ActiveCfg = Debug|Any CPU
		{6F6C7198-F00A-431A-B0E2-453DB84D33DD}.Debug|Any CPU.Build.0 = Debug|Any CPU
		{6F6C7198-F00A-431A-B0E2-453DB84D33DD}.Release|Any CPU.ActiveCfg = Release|Any CPU
		{6F6C7198-F00A-431A-B0E2-453DB84D33DD}.Release|Any CPU.Build.0 = Release|Any CPU
	EndGlobalSection
	GlobalSection(SolutionProperties) = preSolution
		HideSolutionNode = FALSE
	EndGlobalSection
	GlobalSection(ExtensibilityGlobals) = postSolution
		SolutionGuid = {C435AEF0-5B3B-4053-8C44-02C61C6733CB}
	EndGlobalSection
EndGlobal
